
Microsoft Visual Studio Solution File, Format Version 12.00
# Visual Studio Version 16
VisualStudioVersion = 16.0.32413.511
MinimumVisualStudioVersion = 10.0.40219.1
Project("{9A19103F-16F7-4668-BE54-9A1E7A4F7556}") = "Entities", "Entities\Entities.csproj", "{F3AA9A95-1A44-4D39-9890-8E8DBDD2ECD4}"
EndProject
Project("{9A19103F-16F7-4668-BE54-9A1E7A4F7556}") = "DataAccess", "DataAccess\DataAccess.csproj", "{646F4827-9A2D-45A4-86FF-D7750ED05E41}"
EndProject
Project("{9A19103F-16F7-4668-BE54-9A1E7A4F7556}") = "Business", "Business\Business.csproj", "{23F0DE80-DA68-473E-A327-D9FDBC692F50}"
EndProject
Project("{9A19103F-16F7-4668-BE54-9A1E7A4F7556}") = "ConsoleApp1", "ConsoleApp1\ConsoleApp1.csproj", "{7EBC1ED2-684B-4677-981A-28374D942B8F}"
EndProject
Project("{9A19103F-16F7-4668-BE54-9A1E7A4F7556}") = "Core", "Core\Core.csproj", "{EB759C35-5847-420E-B637-4440CA8F1782}"
EndProject
Project("{FAE04EC0-301F-11D3-BF4B-00C04F79EFBC}") = "WebAPI", "WebAPI\WebAPI.csproj", "{C56761C1-3A77-4CF5-B664-199EE56C80C8}"
EndProject
Global
	GlobalSection(SolutionConfigurationPlatforms) = preSolution
		Debug|Any CPU = Debug|Any CPU
		Release|Any CPU = Release|Any CPU
	EndGlobalSection
	GlobalSection(ProjectConfigurationPlatforms) = postSolution
		{F3AA9A95-1A44-4D39-9890-8E8DBDD2ECD4}.Debug|Any CPU.ActiveCfg = Debug|Any CPU
		{F3AA9A95-1A44-4D39-9890-8E8DBDD2ECD4}.Debug|Any CPU.Build.0 = Debug|Any CPU
		{F3AA9A95-1A44-4D39-9890-8E8DBDD2ECD4}.Release|Any CPU.ActiveCfg = Release|Any CPU
		{F3AA9A95-1A44-4D39-9890-8E8DBDD2ECD4}.Release|Any CPU.Build.0 = Release|Any CPU
		{646F4827-9A2D-45A4-86FF-D7750ED05E41}.Debug|Any CPU.ActiveCfg = Debug|Any CPU
		{646F4827-9A2D-45A4-86FF-D7750ED05E41}.Debug|Any CPU.Build.0 = Debug|Any CPU
		{646F4827-9A2D-45A4-86FF-D7750ED05E41}.Release|Any CPU.ActiveCfg = Release|Any CPU
		{646F4827-9A2D-45A4-86FF-D7750ED05E41}.Release|Any CPU.Build.0 = Release|Any CPU
		{23F0DE80-DA68-473E-A327-D9FDBC692F50}.Debug|Any CPU.ActiveCfg = Debug|Any CPU
		{23F0DE80-DA68-473E-A327-D9FDBC692F50}.Debug|Any CPU.Build.0 = Debug|Any CPU
		{23F0DE80-DA68-473E-A327-D9FDBC692F50}.Release|Any CPU.ActiveCfg = Release|Any CPU
		{23F0DE80-DA68-473E-A327-D9FDBC692F50}.Release|Any CPU.Build.0 = Release|Any CPU
		{7EBC1ED2-684B-4677-981A-28374D942B8F}.Debug|Any CPU.ActiveCfg = Debug|Any CPU
		{7EBC1ED2-684B-4677-981A-28374D942B8F}.Debug|Any CPU.Build.0 = Debug|Any CPU
		{7EBC1ED2-684B-4677-981A-28374D942B8F}.Release|Any CPU.ActiveCfg = Release|Any CPU
		{7EBC1ED2-684B-4677-981A-28374D942B8F}.Release|Any CPU.Build.0 = Release|Any CPU
		{EB759C35-5847-420E-B637-4440CA8F1782}.Debug|Any CPU.ActiveCfg = Debug|Any CPU
		{EB759C35-5847-420E-B637-4440CA8F1782}.Debug|Any CPU.Build.0 = Debug|Any CPU
		{EB759C35-5847-420E-B637-4440CA8F1782}.Release|Any CPU.ActiveCfg = Release|Any CPU
		{EB759C35-5847-420E-B637-4440CA8F1782}.Release|Any CPU.Build.0 = Release|Any CPU
		{C56761C1-3A77-4CF5-B664-199EE56C80C8}.Debug|Any CPU.ActiveCfg = Debug|Any CPU
		{C56761C1-3A77-4CF5-B664-199EE56C80C8}.Debug|Any CPU.Build.0 = Debug|Any CPU
		{C56761C1-3A77-4CF5-B664-199EE56C80C8}.Release|Any CPU.ActiveCfg = Release|Any CPU
		{C56761C1-3A77-4CF5-B664-199EE56C80C8}.Release|Any CPU.Build.0 = Release|Any CPU
	EndGlobalSection
	GlobalSection(SolutionProperties) = preSolution
		HideSolutionNode = FALSE
	EndGlobalSection
	GlobalSection(ExtensibilityGlobals) = postSolution
		SolutionGuid = {2BFF239D-645E-4349-8E66-5855E8A37F7C}
	EndGlobalSection
EndGlobal
